
Microsoft Visual Studio Solution File, Format Version 12.00
# Visual Studio Version 16
VisualStudioVersion = 16.0.29123.88
MinimumVisualStudioVersion = 10.0.40219.1
Project("{FAE04EC0-301F-11D3-BF4B-00C04F79EFBC}") = "HotelmanagementWebapi", "HotelmanagementWebapi\HotelmanagementWebapi.csproj", "{B0F533CC-4BCE-48A5-92FC-5753BC6237C3}"
EndProject
Project("{FAE04EC0-301F-11D3-BF4B-00C04F79EFBC}") = "Hotelmanagement.BAL", "Hotelmanagement.BAL\Hotelmanagement.BAL.csproj", "{01F4A325-AED3-445D-983F-AAEC462BFCC5}"
EndProject
Project("{FAE04EC0-301F-11D3-BF4B-00C04F79EFBC}") = "Hotelmanagement.DAL", "Hotelmanagement.DAL\Hotelmanagement.DAL.csproj", "{5995D6ED-54A5-4D14-BE14-EFC1A6C069B1}"
EndProject
Project("{FAE04EC0-301F-11D3-BF4B-00C04F79EFBC}") = "Hotelmanagement.Model", "Hotelmanagement.Model\Hotelmanagement.Model.csproj", "{0E6AE16B-8D33-41DE-83D8-28AE3EE93081}"
EndProject
Global
	GlobalSection(SolutionConfigurationPlatforms) = preSolution
		Debug|Any CPU = Debug|Any CPU
		Release|Any CPU = Release|Any CPU
	EndGlobalSection
	GlobalSection(ProjectConfigurationPlatforms) = postSolution
		{B0F533CC-4BCE-48A5-92FC-5753BC6237C3}.Debug|Any CPU.ActiveCfg = Debug|Any CPU
		{B0F533CC-4BCE-48A5-92FC-5753BC6237C3}.Debug|Any CPU.Build.0 = Debug|Any CPU
		{B0F533CC-4BCE-48A5-92FC-5753BC6237C3}.Release|Any CPU.ActiveCfg = Release|Any CPU
		{B0F533CC-4BCE-48A5-92FC-5753BC6237C3}.Release|Any CPU.Build.0 = Release|Any CPU
		{01F4A325-AED3-445D-983F-AAEC462BFCC5}.Debug|Any CPU.ActiveCfg = Debug|Any CPU
		{01F4A325-AED3-445D-983F-AAEC462BFCC5}.Debug|Any CPU.Build.0 = Debug|Any CPU
		{01F4A325-AED3-445D-983F-AAEC462BFCC5}.Release|Any CPU.ActiveCfg = Release|Any CPU
		{01F4A325-AED3-445D-983F-AAEC462BFCC5}.Release|Any CPU.Build.0 = Release|Any CPU
		{5995D6ED-54A5-4D14-BE14-EFC1A6C069B1}.Debug|Any CPU.ActiveCfg = Debug|Any CPU
		{5995D6ED-54A5-4D14-BE14-EFC1A6C069B1}.Debug|Any CPU.Build.0 = Debug|Any CPU
		{5995D6ED-54A5-4D14-BE14-EFC1A6C069B1}.Release|Any CPU.ActiveCfg = Release|Any CPU
		{5995D6ED-54A5-4D14-BE14-EFC1A6C069B1}.Release|Any CPU.Build.0 = Release|Any CPU
		{0E6AE16B-8D33-41DE-83D8-28AE3EE93081}.Debug|Any CPU.ActiveCfg = Debug|Any CPU
		{0E6AE16B-8D33-41DE-83D8-28AE3EE93081}.Debug|Any CPU.Build.0 = Debug|Any CPU
		{0E6AE16B-8D33-41DE-83D8-28AE3EE93081}.Release|Any CPU.ActiveCfg = Release|Any CPU
		{0E6AE16B-8D33-41DE-83D8-28AE3EE93081}.Release|Any CPU.Build.0 = Release|Any CPU
	EndGlobalSection
	GlobalSection(SolutionProperties) = preSolution
		HideSolutionNode = FALSE
	EndGlobalSection
	GlobalSection(ExtensibilityGlobals) = postSolution
		SolutionGuid = {0C59BEC8-8945-4FAB-BC84-A48683E3774F}
	EndGlobalSection
EndGlobal
