
Microsoft Visual Studio Solution File, Format Version 12.00
# Visual Studio Version 16
VisualStudioVersion = 16.0.29123.88
MinimumVisualStudioVersion = 10.0.40219.1
Project("{FAE04EC0-301F-11D3-BF4B-00C04F79EFBC}") = "EmployeeManagement", "EmployeeManagement\EmployeeManagement.csproj", "{37F35179-3DA6-46B4-971E-948BDBCD1D9F}"
EndProject
Global
	GlobalSection(SolutionConfigurationPlatforms) = preSolution
		Debug|Any CPU = Debug|Any CPU
		Release|Any CPU = Release|Any CPU
	EndGlobalSection
	GlobalSection(ProjectConfigurationPlatforms) = postSolution
		{37F35179-3DA6-46B4-971E-948BDBCD1D9F}.Debug|Any CPU.ActiveCfg = Debug|Any CPU
		{37F35179-3DA6-46B4-971E-948BDBCD1D9F}.Debug|Any CPU.Build.0 = Debug|Any CPU
		{37F35179-3DA6-46B4-971E-948BDBCD1D9F}.Release|Any CPU.ActiveCfg = Release|Any CPU
		{37F35179-3DA6-46B4-971E-948BDBCD1D9F}.Release|Any CPU.Build.0 = Release|Any CPU
	EndGlobalSection
	GlobalSection(SolutionProperties) = preSolution
		HideSolutionNode = FALSE
	EndGlobalSection
	GlobalSection(ExtensibilityGlobals) = postSolution
		SolutionGuid = {D035DB28-8E3B-48F0-9194-5C39A1F26ECD}
	EndGlobalSection
EndGlobal
